# This file is autogenerated, do not edit; changes may be undone by the next 'dep ensure'.


[[projects]]
  branch = "dev"
  digest = "1:0dd45697415538f25df38343d233bbafb3326dac1abff954673f5280dcdc3a94"
  name = "github.com/desdulianto/splitbill"
  packages = ["."]
  pruneopts = "UT"
  revision = "d8c84dc148f61ec9fba88e4246bbdba194d3dd34"

[solve-meta]
  analyzer-name = "dep"
  analyzer-version = 1
  input-imports = ["github.com/desdulianto/splitbill"]
  solver-name = "gps-cdcl"
  solver-version = 1
